
Microsoft Visual Studio Solution File, Format Version 12.00
Project("{FAE04EC0-301F-11D3-BF4B-00C04F79EFBC}") = "FileManager", "FileManager\FileManager.csproj", "{2E530219-D6FE-47B0-A48D-8AB87C1B1EAB}"
EndProject
Project("{FAE04EC0-301F-11D3-BF4B-00C04F79EFBC}") = "ModalControl", "ModalControl\ModalControl.csproj", "{03D470EC-0F3E-40A1-893C-AC4174971CEB}"
EndProject
Project("{FAE04EC0-301F-11D3-BF4B-00C04F79EFBC}") = "FileManagerDLL", "FileManagerDLL\FileManagerDLL.csproj", "{7BFDCD34-72CA-4B95-8932-2A06EF37AB8C}"
EndProject
Project("{FAE04EC0-301F-11D3-BF4B-00C04F79EFBC}") = "BetterMVVM", "BetterMVVM\BetterMVVM.csproj", "{66C76964-5150-4656-92CD-A739865E0FEA}"
EndProject
Global
	GlobalSection(SolutionConfigurationPlatforms) = preSolution
		Debug|Any CPU = Debug|Any CPU
		Release|Any CPU = Release|Any CPU
	EndGlobalSection
	GlobalSection(ProjectConfigurationPlatforms) = postSolution
		{2E530219-D6FE-47B0-A48D-8AB87C1B1EAB}.Debug|Any CPU.ActiveCfg = Debug|Any CPU
		{2E530219-D6FE-47B0-A48D-8AB87C1B1EAB}.Debug|Any CPU.Build.0 = Debug|Any CPU
		{2E530219-D6FE-47B0-A48D-8AB87C1B1EAB}.Release|Any CPU.ActiveCfg = Release|Any CPU
		{2E530219-D6FE-47B0-A48D-8AB87C1B1EAB}.Release|Any CPU.Build.0 = Release|Any CPU
		{03D470EC-0F3E-40A1-893C-AC4174971CEB}.Debug|Any CPU.ActiveCfg = Debug|Any CPU
		{03D470EC-0F3E-40A1-893C-AC4174971CEB}.Debug|Any CPU.Build.0 = Debug|Any CPU
		{03D470EC-0F3E-40A1-893C-AC4174971CEB}.Release|Any CPU.ActiveCfg = Release|Any CPU
		{03D470EC-0F3E-40A1-893C-AC4174971CEB}.Release|Any CPU.Build.0 = Release|Any CPU
		{7BFDCD34-72CA-4B95-8932-2A06EF37AB8C}.Debug|Any CPU.ActiveCfg = Debug|Any CPU
		{7BFDCD34-72CA-4B95-8932-2A06EF37AB8C}.Debug|Any CPU.Build.0 = Debug|Any CPU
		{7BFDCD34-72CA-4B95-8932-2A06EF37AB8C}.Release|Any CPU.ActiveCfg = Release|Any CPU
		{7BFDCD34-72CA-4B95-8932-2A06EF37AB8C}.Release|Any CPU.Build.0 = Release|Any CPU
		{66C76964-5150-4656-92CD-A739865E0FEA}.Debug|Any CPU.ActiveCfg = Debug|Any CPU
		{66C76964-5150-4656-92CD-A739865E0FEA}.Debug|Any CPU.Build.0 = Debug|Any CPU
		{66C76964-5150-4656-92CD-A739865E0FEA}.Release|Any CPU.ActiveCfg = Release|Any CPU
		{66C76964-5150-4656-92CD-A739865E0FEA}.Release|Any CPU.Build.0 = Release|Any CPU
	EndGlobalSection
EndGlobal
